
Microsoft Visual Studio Solution File, Format Version 12.00
# Visual Studio Version 17
VisualStudioVersion = 17.0.31903.59
MinimumVisualStudioVersion = 10.0.40219.1
Project("{FAE04EC0-301F-11D3-BF4B-00C04F79EFBC}") = "BenchmarkSuite1", "BenchmarkSuite1\BenchmarkSuite1.csproj", "{08E4B14B-B2F8-48DA-8AA4-299AF5560C6B}"
EndProject
Project("{FAE04EC0-301F-11D3-BF4B-00C04F79EFBC}") = "HashTableRx", "HashTableRx\HashTableRx.csproj", "{C627D4C3-7F92-4D21-9232-A1216AF1D903}"
EndProject
Project("{FAE04EC0-301F-11D3-BF4B-00C04F79EFBC}") = "HashTableRx.Reactive", "HashTableRx.Reactive\HashTableRx.Reactive.csproj", "{CFE49CCD-2289-433C-8352-A16F4DDDAB95}"
EndProject
Project("{FAE04EC0-301F-11D3-BF4B-00C04F79EFBC}") = "HashTableRx.Tests", "HashTableRx.Tests\HashTableRx.Tests.csproj", "{587A34F3-E577-49C9-B0D9-E5327840667E}"
EndProject
Global
	GlobalSection(SolutionConfigurationPlatforms) = preSolution
		Debug|Any CPU = Debug|Any CPU
		Debug|x64 = Debug|x64
		Debug|x86 = Debug|x86
		Release|Any CPU = Release|Any CPU
		Release|x64 = Release|x64
		Release|x86 = Release|x86
	EndGlobalSection
	GlobalSection(ProjectConfigurationPlatforms) = postSolution
		{08E4B14B-B2F8-48DA-8AA4-299AF5560C6B}.Debug|Any CPU.ActiveCfg = Debug|Any CPU
		{08E4B14B-B2F8-48DA-8AA4-299AF5560C6B}.Debug|Any CPU.Build.0 = Debug|Any CPU
		{08E4B14B-B2F8-48DA-8AA4-299AF5560C6B}.Debug|x64.ActiveCfg = Debug|Any CPU
		{08E4B14B-B2F8-48DA-8AA4-299AF5560C6B}.Debug|x64.Build.0 = Debug|Any CPU
		{08E4B14B-B2F8-48DA-8AA4-299AF5560C6B}.Debug|x86.ActiveCfg = Debug|Any CPU
		{08E4B14B-B2F8-48DA-8AA4-299AF5560C6B}.Debug|x86.Build.0 = Debug|Any CPU
		{08E4B14B-B2F8-48DA-8AA4-299AF5560C6B}.Release|Any CPU.ActiveCfg = Release|Any CPU
		{08E4B14B-B2F8-48DA-8AA4-299AF5560C6B}.Release|Any CPU.Build.0 = Release|Any CPU
		{08E4B14B-B2F8-48DA-8AA4-299AF5560C6B}.Release|x64.ActiveCfg = Release|Any CPU
		{08E4B14B-B2F8-48DA-8AA4-299AF5560C6B}.Release|x64.Build.0 = Release|Any CPU
		{08E4B14B-B2F8-48DA-8AA4-299AF5560C6B}.Release|x86.ActiveCfg = Release|Any CPU
		{08E4B14B-B2F8-48DA-8AA4-299AF5560C6B}.Release|x86.Build.0 = Release|Any CPU
		{C627D4C3-7F92-4D21-9232-A1216AF1D903}.Debug|Any CPU.ActiveCfg = Debug|Any CPU
		{C627D4C3-7F92-4D21-9232-A1216AF1D903}.Debug|Any CPU.Build.0 = Debug|Any CPU
		{C627D4C3-7F92-4D21-9232-A1216AF1D903}.Debug|x64.ActiveCfg = Debug|Any CPU
		{C627D4C3-7F92-4D21-9232-A1216AF1D903}.Debug|x64.Build.0 = Debug|Any CPU
		{C627D4C3-7F92-4D21-9232-A1216AF1D903}.Debug|x86.ActiveCfg = Debug|Any CPU
		{C627D4C3-7F92-4D21-9232-A1216AF1D903}.Debug|x86.Build.0 = Debug|Any CPU
		{C627D4C3-7F92-4D21-9232-A1216AF1D903}.Release|Any CPU.ActiveCfg = Release|Any CPU
		{C627D4C3-7F92-4D21-9232-A1216AF1D903}.Release|Any CPU.Build.0 = Release|Any CPU
		{C627D4C3-7F92-4D21-9232-A1216AF1D903}.Release|x64.ActiveCfg = Release|Any CPU
		{C627D4C3-7F92-4D21-9232-A1216AF1D903}.Release|x64.Build.0 = Release|Any CPU
		{C627D4C3-7F92-4D21-9232-A1216AF1D903}.Release|x86.ActiveCfg = Release|Any CPU
		{C627D4C3-7F92-4D21-9232-A1216AF1D903}.Release|x86.Build.0 = Release|Any CPU
		{CFE49CCD-2289-433C-8352-A16F4DDDAB95}.Debug|Any CPU.ActiveCfg = Debug|Any CPU
		{CFE49CCD-2289-433C-8352-A16F4DDDAB95}.Debug|Any CPU.Build.0 = Debug|Any CPU
		{CFE49CCD-2289-433C-8352-A16F4DDDAB95}.Debug|x64.ActiveCfg = Debug|Any CPU
		{CFE49CCD-2289-433C-8352-A16F4DDDAB95}.Debug|x64.Build.0 = Debug|Any CPU
		{CFE49CCD-2289-433C-8352-A16F4DDDAB95}.Debug|x86.ActiveCfg = Debug|Any CPU
		{CFE49CCD-2289-433C-8352-A16F4DDDAB95}.Debug|x86.Build.0 = Debug|Any CPU
		{CFE49CCD-2289-433C-8352-A16F4DDDAB95}.Release|Any CPU.ActiveCfg = Release|Any CPU
		{CFE49CCD-2289-433C-8352-A16F4DDDAB95}.Release|Any CPU.Build.0 = Release|Any CPU
		{CFE49CCD-2289-433C-8352-A16F4DDDAB95}.Release|x64.ActiveCfg = Release|Any CPU
		{CFE49CCD-2289-433C-8352-A16F4DDDAB95}.Release|x64.Build.0 = Release|Any CPU
		{CFE49CCD-2289-433C-8352-A16F4DDDAB95}.Release|x86.ActiveCfg = Release|Any CPU
		{CFE49CCD-2289-433C-8352-A16F4DDDAB95}.Release|x86.Build.0 = Release|Any CPU
		{587A34F3-E577-49C9-B0D9-E5327840667E}.Debug|Any CPU.ActiveCfg = Debug|Any CPU
		{587A34F3-E577-49C9-B0D9-E5327840667E}.Debug|Any CPU.Build.0 = Debug|Any CPU
		{587A34F3-E577-49C9-B0D9-E5327840667E}.Debug|x64.ActiveCfg = Debug|Any CPU
		{587A34F3-E577-49C9-B0D9-E5327840667E}.Debug|x64.Build.0 = Debug|Any CPU
		{587A34F3-E577-49C9-B0D9-E5327840667E}.Debug|x86.ActiveCfg = Debug|Any CPU
		{587A34F3-E577-49C9-B0D9-E5327840667E}.Debug|x86.Build.0 = Debug|Any CPU
		{587A34F3-E577-49C9-B0D9-E5327840667E}.Release|Any CPU.ActiveCfg = Release|Any CPU
		{587A34F3-E577-49C9-B0D9-E5327840667E}.Release|Any CPU.Build.0 = Release|Any CPU
		{587A34F3-E577-49C9-B0D9-E5327840667E}.Release|x64.ActiveCfg = Release|Any CPU
		{587A34F3-E577-49C9-B0D9-E5327840667E}.Release|x64.Build.0 = Release|Any CPU
		{587A34F3-E577-49C9-B0D9-E5327840667E}.Release|x86.ActiveCfg = Release|Any CPU
		{587A34F3-E577-49C9-B0D9-E5327840667E}.Release|x86.Build.0 = Release|Any CPU
	EndGlobalSection
	GlobalSection(SolutionProperties) = preSolution
		HideSolutionNode = FALSE
	EndGlobalSection
EndGlobal
